
Microsoft Visual Studio Solution File, Format Version 12.00
# Visual Studio 14
VisualStudioVersion = 14.0.25420.1
MinimumVisualStudioVersion = 10.0.40219.1
Project("{FAE04EC0-301F-11D3-BF4B-00C04F79EFBC}") = "BookShopSystem.Models", "BookShopSystem.Models\BookShopSystem.Models.csproj", "{F9B67558-068C-4E91-94E2-3FA7019A1026}"
EndProject
Project("{FAE04EC0-301F-11D3-BF4B-00C04F79EFBC}") = "BookShopSystem.Data", "BookShopSystem.Data\BookShopSystem.Data.csproj", "{77C88A00-5AE1-40D8-AEAC-F44F91A81DFA}"
EndProject
Project("{FAE04EC0-301F-11D3-BF4B-00C04F79EFBC}") = "BookShopSystem.ConsoleClient", "BookShopSystem.ConsoleClient\BookShopSystem.ConsoleClient.csproj", "{03DFABC9-6B11-4F13-A985-3990BC1CFA32}"
EndProject
Global
	GlobalSection(SolutionConfigurationPlatforms) = preSolution
		Debug|Any CPU = Debug|Any CPU
		Release|Any CPU = Release|Any CPU
	EndGlobalSection
	GlobalSection(ProjectConfigurationPlatforms) = postSolution
		{F9B67558-068C-4E91-94E2-3FA7019A1026}.Debug|Any CPU.ActiveCfg = Debug|Any CPU
		{F9B67558-068C-4E91-94E2-3FA7019A1026}.Debug|Any CPU.Build.0 = Debug|Any CPU
		{F9B67558-068C-4E91-94E2-3FA7019A1026}.Release|Any CPU.ActiveCfg = Release|Any CPU
		{F9B67558-068C-4E91-94E2-3FA7019A1026}.Release|Any CPU.Build.0 = Release|Any CPU
		{77C88A00-5AE1-40D8-AEAC-F44F91A81DFA}.Debug|Any CPU.ActiveCfg = Debug|Any CPU
		{77C88A00-5AE1-40D8-AEAC-F44F91A81DFA}.Debug|Any CPU.Build.0 = Debug|Any CPU
		{77C88A00-5AE1-40D8-AEAC-F44F91A81DFA}.Release|Any CPU.ActiveCfg = Release|Any CPU
		{77C88A00-5AE1-40D8-AEAC-F44F91A81DFA}.Release|Any CPU.Build.0 = Release|Any CPU
		{03DFABC9-6B11-4F13-A985-3990BC1CFA32}.Debug|Any CPU.ActiveCfg = Debug|Any CPU
		{03DFABC9-6B11-4F13-A985-3990BC1CFA32}.Debug|Any CPU.Build.0 = Debug|Any CPU
		{03DFABC9-6B11-4F13-A985-3990BC1CFA32}.Release|Any CPU.ActiveCfg = Release|Any CPU
		{03DFABC9-6B11-4F13-A985-3990BC1CFA32}.Release|Any CPU.Build.0 = Release|Any CPU
	EndGlobalSection
	GlobalSection(SolutionProperties) = preSolution
		HideSolutionNode = FALSE
	EndGlobalSection
EndGlobal
